{
    "name": "examples",
    "version": "1.0.0",
    "lockfileVersion": 3,
    "requires": true,
    "packages": {
        "": {
            "name": "examples",
            "version": "1.0.0",
            "dependencies": {
                "labs-lib": "file:../lib"
            }
        },
        "../lib": {
            "name": "labs-lib",
            "version": "1.0.0",
            "license": "MIT"
        },
        "node_modules/labs-lib": {
            "resolved": "../lib",
            "link": true
        }
    }
}
